
Microsoft Visual Studio Solution File, Format Version 12.00
Project("{FAE04EC0-301F-11D3-BF4B-00C04F79EFBC}") = "diplom1.2", "diplom1.2\diplom1.2.csproj", "{46A56E08-52C4-4C7F-A92E-4341B5A4C1B3}"
EndProject
Project("{FAE04EC0-301F-11D3-BF4B-00C04F79EFBC}") = "ClassLibrary1", "ClassLibrary1\ClassLibrary1.csproj", "{CA3B9F25-BB14-4A81-870A-2AFF12CCAB4D}"
EndProject
Global
	GlobalSection(SolutionConfigurationPlatforms) = preSolution
		Debug|Any CPU = Debug|Any CPU
		Release|Any CPU = Release|Any CPU
	EndGlobalSection
	GlobalSection(ProjectConfigurationPlatforms) = postSolution
		{46A56E08-52C4-4C7F-A92E-4341B5A4C1B3}.Debug|Any CPU.ActiveCfg = Debug|Any CPU
		{46A56E08-52C4-4C7F-A92E-4341B5A4C1B3}.Debug|Any CPU.Build.0 = Debug|Any CPU
		{46A56E08-52C4-4C7F-A92E-4341B5A4C1B3}.Release|Any CPU.ActiveCfg = Release|Any CPU
		{46A56E08-52C4-4C7F-A92E-4341B5A4C1B3}.Release|Any CPU.Build.0 = Release|Any CPU
		{CA3B9F25-BB14-4A81-870A-2AFF12CCAB4D}.Debug|Any CPU.ActiveCfg = Debug|Any CPU
		{CA3B9F25-BB14-4A81-870A-2AFF12CCAB4D}.Debug|Any CPU.Build.0 = Debug|Any CPU
		{CA3B9F25-BB14-4A81-870A-2AFF12CCAB4D}.Release|Any CPU.ActiveCfg = Release|Any CPU
		{CA3B9F25-BB14-4A81-870A-2AFF12CCAB4D}.Release|Any CPU.Build.0 = Release|Any CPU
	EndGlobalSection
EndGlobal
